
Microsoft Visual Studio Solution File, Format Version 12.00
# Visual Studio Version 16
VisualStudioVersion = 16.0.30611.23
MinimumVisualStudioVersion = 10.0.40219.1
Project("{FAE04EC0-301F-11D3-BF4B-00C04F79EFBC}") = "LayoutViewExample", "LayoutViewExample\LayoutViewExample.csproj", "{8CC8903B-1C4A-4D4E-99A9-AA064FD432D9}"
EndProject
Global
	GlobalSection(SolutionConfigurationPlatforms) = preSolution
		Debug|Any CPU = Debug|Any CPU
		Release|Any CPU = Release|Any CPU
	EndGlobalSection
	GlobalSection(ProjectConfigurationPlatforms) = postSolution
		{8CC8903B-1C4A-4D4E-99A9-AA064FD432D9}.Debug|Any CPU.ActiveCfg = Debug|Any CPU
		{8CC8903B-1C4A-4D4E-99A9-AA064FD432D9}.Debug|Any CPU.Build.0 = Debug|Any CPU
		{8CC8903B-1C4A-4D4E-99A9-AA064FD432D9}.Release|Any CPU.ActiveCfg = Release|Any CPU
		{8CC8903B-1C4A-4D4E-99A9-AA064FD432D9}.Release|Any CPU.Build.0 = Release|Any CPU
	EndGlobalSection
	GlobalSection(SolutionProperties) = preSolution
		HideSolutionNode = FALSE
	EndGlobalSection
	GlobalSection(ExtensibilityGlobals) = postSolution
		SolutionGuid = {454B79A8-800E-4331-8268-3B1C676A9802}
	EndGlobalSection
EndGlobal
